
Microsoft Visual Studio Solution File, Format Version 12.00
# Visual Studio Version 17
VisualStudioVersion = 17.5.002.0
MinimumVisualStudioVersion = 10.0.40219.1
Project("{9A19103F-16F7-4668-BE54-9A1E7A4F7556}") = "yt-benchmark", "yt-benchmark.csproj", "{B011C945-CB7E-479D-909C-71CB98C9CC22}"
EndProject
Global
	GlobalSection(SolutionConfigurationPlatforms) = preSolution
		Debug|Any CPU = Debug|Any CPU
		Release|Any CPU = Release|Any CPU
	EndGlobalSection
	GlobalSection(ProjectConfigurationPlatforms) = postSolution
		{B011C945-CB7E-479D-909C-71CB98C9CC22}.Debug|Any CPU.ActiveCfg = Debug|Any CPU
		{B011C945-CB7E-479D-909C-71CB98C9CC22}.Debug|Any CPU.Build.0 = Debug|Any CPU
		{B011C945-CB7E-479D-909C-71CB98C9CC22}.Release|Any CPU.ActiveCfg = Release|Any CPU
		{B011C945-CB7E-479D-909C-71CB98C9CC22}.Release|Any CPU.Build.0 = Release|Any CPU
	EndGlobalSection
	GlobalSection(SolutionProperties) = preSolution
		HideSolutionNode = FALSE
	EndGlobalSection
	GlobalSection(ExtensibilityGlobals) = postSolution
		SolutionGuid = {8B7E21D8-8C1E-4A47-9120-764EE9589AE5}
	EndGlobalSection
EndGlobal
